
Microsoft Visual Studio Solution File, Format Version 12.00
# Visual Studio 15
VisualStudioVersion = 15.0.28307.779
MinimumVisualStudioVersion = 10.0.40219.1
Project("{2150E333-8FDC-42A3-9474-1A3956D46DE8}") = "Docs", "Docs", "{D6A8BBDF-34CB-43CA-95E7-3C7C8BC02C40}"
	ProjectSection(SolutionItems) = preProject
		filesort\Docs\GPL v3.txt = filesort\Docs\GPL v3.txt
		filesort\Docs\license.rtf = filesort\Docs\license.rtf
		filesort\Docs\readme.rtf = filesort\Docs\readme.rtf
	EndProjectSection
EndProject
Project("{8BC9CEB8-8B4A-11D0-8D11-00A0C91BC942}") = "filesort", "filesort\filesort.vcxproj", "{CEC42345-8B65-4D70-B96C-39271A3A19BE}"
EndProject
Global
	GlobalSection(SolutionConfigurationPlatforms) = preSolution
		Debug|Win32 = Debug|Win32
		Debug|x64 = Debug|x64
		Release|Win32 = Release|Win32
		Release|x64 = Release|x64
	EndGlobalSection
	GlobalSection(ProjectConfigurationPlatforms) = postSolution
		{CEC42345-8B65-4D70-B96C-39271A3A19BE}.Debug|Win32.ActiveCfg = Debug|Win32
		{CEC42345-8B65-4D70-B96C-39271A3A19BE}.Debug|Win32.Build.0 = Debug|Win32
		{CEC42345-8B65-4D70-B96C-39271A3A19BE}.Debug|x64.ActiveCfg = Debug|x64
		{CEC42345-8B65-4D70-B96C-39271A3A19BE}.Debug|x64.Build.0 = Debug|x64
		{CEC42345-8B65-4D70-B96C-39271A3A19BE}.Release|Win32.ActiveCfg = Release|Win32
		{CEC42345-8B65-4D70-B96C-39271A3A19BE}.Release|Win32.Build.0 = Release|Win32
		{CEC42345-8B65-4D70-B96C-39271A3A19BE}.Release|x64.ActiveCfg = Release|x64
		{CEC42345-8B65-4D70-B96C-39271A3A19BE}.Release|x64.Build.0 = Release|x64
	EndGlobalSection
	GlobalSection(SolutionProperties) = preSolution
		HideSolutionNode = FALSE
	EndGlobalSection
	GlobalSection(ExtensibilityGlobals) = postSolution
		SolutionGuid = {2D9C27AD-D05B-484C-BBB5-03E963D1B1FF}
	EndGlobalSection
EndGlobal
